// !$*UTF8*$!
{
	archiveVersion = 1;
	classes = {
	};
	objectVersion = 46;
	objects = {

/* Begin PBXBuildFile section */
		19F1F59B1BD3920A004ED6F6 /* AppDelegate.swift in Sources */ = {isa = PBXBuildFile; fileRef = 19F1F59A1BD3920A004ED6F6 /* AppDelegate.swift */; };
		19F1F59D1BD3920A004ED6F6 /* GameScene.sks in Resources */ = {isa = PBXBuildFile; fileRef = 19F1F59C1BD3920A004ED6F6 /* GameScene.sks */; };
		19F1F59F1BD3920A004ED6F6 /* GameScene.swift in Sources */ = {isa = PBXBuildFile; fileRef = 19F1F59E1BD3920A004ED6F6 /* GameScene.swift */; };
		19F1F5A11BD3920A004ED6F6 /* GameViewController.swift in Sources */ = {isa = PBXBuildFile; fileRef = 19F1F5A01BD3920A004ED6F6 /* GameViewController.swift */; };
		19F1F5A41BD3920A004ED6F6 /* Main.storyboard in Resources */ = {isa = PBXBuildFile; fileRef = 19F1F5A21BD3920A004ED6F6 /* Main.storyboard */; };
		19F1F5A61BD3920A004ED6F6 /* Images.xcassets in Resources */ = {isa = PBXBuildFile; fileRef = 19F1F5A51BD3920A004ED6F6 /* Images.xcassets */; };
		19F1F5A91BD3920A004ED6F6 /* LaunchScreen.xib in Resources */ = {isa = PBXBuildFile; fileRef = 19F1F5A71BD3920A004ED6F6 /* LaunchScreen.xib */; };
		19F1F5B51BD3920A004ED6F6 /* Purge_iosTests.swift in Sources */ = {isa = PBXBuildFile; fileRef = 19F1F5B41BD3920A004ED6F6 /* Purge_iosTests.swift */; };
		19F1F5C01BD39253004ED6F6 /* Player.swift in Sources */ = {isa = PBXBuildFile; fileRef = 19F1F5BF1BD39253004ED6F6 /* Player.swift */; };
		19F1F5C21BD3A40A004ED6F6 /* Bullet.swift in Sources */ = {isa = PBXBuildFile; fileRef = 19F1F5C11BD3A40A004ED6F6 /* Bullet.swift */; };
		19F1F5C81BD3BCD6004ED6F6 /* EXPLOSION.atlas in Resources */ = {isa = PBXBuildFile; fileRef = 19F1F5C71BD3BCD6004ED6F6 /* EXPLOSION.atlas */; };
/* End PBXBuildFile section */

/* Begin PBXContainerItemProxy section */
		19F1F5AF1BD3920A004ED6F6 /* PBXContainerItemProxy */ = {
			isa = PBXContainerItemProxy;
			containerPortal = 19F1F58D1BD3920A004ED6F6 /* Project object */;
			proxyType = 1;
			remoteGlobalIDString = 19F1F5941BD3920A004ED6F6;
			remoteInfo = "Purge-ios";
		};
/* End PBXContainerItemProxy section */

/* Begin PBXFileReference section */
		19F1F5951BD3920A004ED6F6 /* Purge-ios.app */ = {isa = PBXFileReference; explicitFileType = wrapper.application; includeInIndex = 0; path = "Purge-ios.app"; sourceTree = BUILT_PRODUCTS_DIR; };
		19F1F5991BD3920A004ED6F6 /* Info.plist */ = {isa = PBXFileReference; lastKnownFileType = text.plist.xml; path = Info.plist; sourceTree = "<group>"; };
		19F1F59A1BD3920A004ED6F6 /* AppDelegate.swift */ = {isa = PBXFileReference; lastKnownFileType = sourcecode.swift; path = AppDelegate.swift; sourceTree = "<group>"; };
		19F1F59C1BD3920A004ED6F6 /* GameScene.sks */ = {isa = PBXFileReference; lastKnownFileType = file.sks; path = GameScene.sks; sourceTree = "<group>"; };
		19F1F59E1BD3920A004ED6F6 /* GameScene.swift */ = {isa = PBXFileReference; lastKnownFileType = sourcecode.swift; path = GameScene.swift; sourceTree = "<group>"; };
		19F1F5A01BD3920A004ED6F6 /* GameViewController.swift */ = {isa = PBXFileReference; lastKnownFileType = sourcecode.swift; path = GameViewController.swift; sourceTree = "<group>"; };
		19F1F5A31BD3920A004ED6F6 /* Base */ = {isa = PBXFileReference; lastKnownFileType = file.storyboard; name = Base; path = Base.lproj/Main.storyboard; sourceTree = "<group>"; };
		19F1F5A51BD3920A004ED6F6 /* Images.xcassets */ = {isa = PBXFileReference; lastKnownFileType = folder.assetcatalog; path = Images.xcassets; sourceTree = "<group>"; };
		19F1F5A81BD3920A004ED6F6 /* Base */ = {isa = PBXFileReference; lastKnownFileType = file.xib; name = Base; path = Base.lproj/LaunchScreen.xib; sourceTree = "<group>"; };
		19F1F5AE1BD3920A004ED6F6 /* Purge-iosTests.xctest */ = {isa = PBXFileReference; explicitFileType = wrapper.cfbundle; includeInIndex = 0; path = "Purge-iosTests.xctest"; sourceTree = BUILT_PRODUCTS_DIR; };
		19F1F5B31BD3920A004ED6F6 /* Info.plist */ = {isa = PBXFileReference; lastKnownFileType = text.plist.xml; path = Info.plist; sourceTree = "<group>"; };
		19F1F5B41BD3920A004ED6F6 /* Purge_iosTests.swift */ = {isa = PBXFileReference; lastKnownFileType = sourcecode.swift; path = Purge_iosTests.swift; sourceTree = "<group>"; };
		19F1F5BF1BD39253004ED6F6 /* Player.swift */ = {isa = PBXFileReference; fileEncoding = 4; lastKnownFileType = sourcecode.swift; path = Player.swift; sourceTree = "<group>"; };
		19F1F5C11BD3A40A004ED6F6 /* Bullet.swift */ = {isa = PBXFileReference; fileEncoding = 4; lastKnownFileType = sourcecode.swift; path = Bullet.swift; sourceTree = "<group>"; };
		19F1F5C71BD3BCD6004ED6F6 /* EXPLOSION.atlas */ = {isa = PBXFileReference; lastKnownFileType = folder.skatlas; path = EXPLOSION.atlas; sourceTree = "<group>"; };
/* End PBXFileReference section */

/* Begin PBXFrameworksBuildPhase section */
		19F1F5921BD3920A004ED6F6 /* Frameworks */ = {
			isa = PBXFrameworksBuildPhase;
			buildActionMask = 2147483647;
			files = (
			);
			runOnlyForDeploymentPostprocessing = 0;
		};
		19F1F5AB1BD3920A004ED6F6 /* Frameworks */ = {
			isa = PBXFrameworksBuildPhase;
			buildActionMask = 2147483647;
			files = (
			);
			runOnlyForDeploymentPostprocessing = 0;
		};
/* End PBXFrameworksBuildPhase section */

/* Begin PBXGroup section */
		19F1F58C1BD3920A004ED6F6 = {
			isa = PBXGroup;
			children = (
				19F1F5971BD3920A004ED6F6 /* Purge-ios */,
				19F1F5B11BD3920A004ED6F6 /* Purge-iosTests */,
				19F1F5961BD3920A004ED6F6 /* Products */,
			);
			sourceTree = "<group>";
		};
		19F1F5961BD3920A004ED6F6 /* Products */ = {
			isa = PBXGroup;
			children = (
				19F1F5951BD3920A004ED6F6 /* Purge-ios.app */,
				19F1F5AE1BD3920A004ED6F6 /* Purge-iosTests.xctest */,
			);
			name = Products;
			sourceTree = "<group>";
		};
		19F1F5971BD3920A004ED6F6 /* Purge-ios */ = {
			isa = PBXGroup;
			children = (
				19F1F5C71BD3BCD6004ED6F6 /* EXPLOSION.atlas */,
				19F1F5BE1BD39238004ED6F6 /* Nodes */,
				19F1F59A1BD3920A004ED6F6 /* AppDelegate.swift */,
				19F1F59C1BD3920A004ED6F6 /* GameScene.sks */,
				19F1F59E1BD3920A004ED6F6 /* GameScene.swift */,
				19F1F5A01BD3920A004ED6F6 /* GameViewController.swift */,
				19F1F5A21BD3920A004ED6F6 /* Main.storyboard */,
				19F1F5A51BD3920A004ED6F6 /* Images.xcassets */,
				19F1F5A71BD3920A004ED6F6 /* LaunchScreen.xib */,
				19F1F5981BD3920A004ED6F6 /* Supporting Files */,
			);
			path = "Purge-ios";
			sourceTree = "<group>";
		};
		19F1F5981BD3920A004ED6F6 /* Supporting Files */ = {
			isa = PBXGroup;
			children = (
				19F1F5991BD3920A004ED6F6 /* Info.plist */,
			);
			name = "Supporting Files";
			sourceTree = "<group>";
		};
		19F1F5B11BD3920A004ED6F6 /* Purge-iosTests */ = {
			isa = PBXGroup;
			children = (
				19F1F5B41BD3920A004ED6F6 /* Purge_iosTests.swift */,
				19F1F5B21BD3920A004ED6F6 /* Supporting Files */,
			);
			path = "Purge-iosTests";
			sourceTree = "<group>";
		};
		19F1F5B21BD3920A004ED6F6 /* Supporting Files */ = {
			isa = PBXGroup;
			children = (
				19F1F5B31BD3920A004ED6F6 /* Info.plist */,
			);
			name = "Supporting Files";
			sourceTree = "<group>";
		};
		19F1F5BE1BD39238004ED6F6 /* Nodes */ = {
			isa = PBXGroup;
			children = (
				19F1F5BF1BD39253004ED6F6 /* Player.swift */,
				19F1F5C11BD3A40A004ED6F6 /* Bullet.swift */,
			);
			name = Nodes;
			sourceTree = "<group>";
		};
/* End PBXGroup section */

/* Begin PBXNativeTarget section */
		19F1F5941BD3920A004ED6F6 /* Purge-ios */ = {
			isa = PBXNativeTarget;
			buildConfigurationList = 19F1F5B81BD3920A004ED6F6 /* Build configuration list for PBXNativeTarget "Purge-ios" */;
			buildPhases = (
				19F1F5911BD3920A004ED6F6 /* Sources */,
				19F1F5921BD3920A004ED6F6 /* Frameworks */,
				19F1F5931BD3920A004ED6F6 /* Resources */,
			);
			buildRules = (
			);
			dependencies = (
			);
			name = "Purge-ios";
			productName = "Purge-ios";
			productReference = 19F1F5951BD3920A004ED6F6 /* Purge-ios.app */;
			productType = "com.apple.product-type.application";
		};
		19F1F5AD1BD3920A004ED6F6 /* Purge-iosTests */ = {
			isa = PBXNativeTarget;
			buildConfigurationList = 19F1F5BB1BD3920A004ED6F6 /* Build configuration list for PBXNativeTarget "Purge-iosTests" */;
			buildPhases = (
				19F1F5AA1BD3920A004ED6F6 /* Sources */,
				19F1F5AB1BD3920A004ED6F6 /* Frameworks */,
				19F1F5AC1BD3920A004ED6F6 /* Resources */,
			);
			buildRules = (
			);
			dependencies = (
				19F1F5B01BD3920A004ED6F6 /* PBXTargetDependency */,
			);
			name = "Purge-iosTests";
			productName = "Purge-iosTests";
			productReference = 19F1F5AE1BD3920A004ED6F6 /* Purge-iosTests.xctest */;
			productType = "com.apple.product-type.bundle.unit-test";
		};
/* End PBXNativeTarget section */

/* Begin PBXProject section */
		19F1F58D1BD3920A004ED6F6 /* Project object */ = {
			isa = PBXProject;
			attributes = {
				LastUpgradeCheck = 0630;
				ORGANIZATIONNAME = moldedbits;
				TargetAttributes = {
					19F1F5941BD3920A004ED6F6 = {
						CreatedOnToolsVersion = 6.3.2;
					};
					19F1F5AD1BD3920A004ED6F6 = {
						CreatedOnToolsVersion = 6.3.2;
						TestTargetID = 19F1F5941BD3920A004ED6F6;
					};
				};
			};
			buildConfigurationList = 19F1F5901BD3920A004ED6F6 /* Build configuration list for PBXProject "Purge-ios" */;
			compatibilityVersion = "Xcode 3.2";
			developmentRegion = English;
			hasScannedForEncodings = 0;
			knownRegions = (
				en,
				Base,
			);
			mainGroup = 19F1F58C1BD3920A004ED6F6;
			productRefGroup = 19F1F5961BD3920A004ED6F6 /* Products */;
			projectDirPath = "";
			projectRoot = "";
			targets = (
				19F1F5941BD3920A004ED6F6 /* Purge-ios */,
				19F1F5AD1BD3920A004ED6F6 /* Purge-iosTests */,
			);
		};
/* End PBXProject section */

/* Begin PBXResourcesBuildPhase section */
		19F1F5931BD3920A004ED6F6 /* Resources */ = {
			isa = PBXResourcesBuildPhase;
			buildActionMask = 2147483647;
			files = (
				19F1F5A91BD3920A004ED6F6 /* LaunchScreen.xib in Resources */,
				19F1F5A61BD3920A004ED6F6 /* Images.xcassets in Resources */,
				19F1F5C81BD3BCD6004ED6F6 /* EXPLOSION.atlas in Resources */,
				19F1F59D1BD3920A004ED6F6 /* GameScene.sks in Resources */,
				19F1F5A41BD3920A004ED6F6 /* Main.storyboard in Resources */,
			);
			runOnlyForDeploymentPostprocessing = 0;
		};
		19F1F5AC1BD3920A004ED6F6 /* Resources */ = {
			isa = PBXResourcesBuildPhase;
			buildActionMask = 2147483647;
			files = (
			);
			runOnlyForDeploymentPostprocessing = 0;
		};
/* End PBXResourcesBuildPhase section */

/* Begin PBXSourcesBuildPhase section */
		19F1F5911BD3920A004ED6F6 /* Sources */ = {
			isa = PBXSourcesBuildPhase;
			buildActionMask = 2147483647;
			files = (
				19F1F5C01BD39253004ED6F6 /* Player.swift in Sources */,
				19F1F59F1BD3920A004ED6F6 /* GameScene.swift in Sources */,
				19F1F5C21BD3A40A004ED6F6 /* Bullet.swift in Sources */,
				19F1F5A11BD3920A004ED6F6 /* GameViewController.swift in Sources */,
				19F1F59B1BD3920A004ED6F6 /* AppDelegate.swift in Sources */,
			);
			runOnlyForDeploymentPostprocessing = 0;
		};
		19F1F5AA1BD3920A004ED6F6 /* Sources */ = {
			isa = PBXSourcesBuildPhase;
			buildActionMask = 2147483647;
			files = (
				19F1F5B51BD3920A004ED6F6 /* Purge_iosTests.swift in Sources */,
			);
			runOnlyForDeploymentPostprocessing = 0;
		};
/* End PBXSourcesBuildPhase section */

/* Begin PBXTargetDependency section */
		19F1F5B01BD3920A004ED6F6 /* PBXTargetDependency */ = {
			isa = PBXTargetDependency;
			target = 19F1F5941BD3920A004ED6F6 /* Purge-ios */;
			targetProxy = 19F1F5AF1BD3920A004ED6F6 /* PBXContainerItemProxy */;
		};
/* End PBXTargetDependency section */

/* Begin PBXVariantGroup section */
		19F1F5A21BD3920A004ED6F6 /* Main.storyboard */ = {
			isa = PBXVariantGroup;
			children = (
				19F1F5A31BD3920A004ED6F6 /* Base */,
			);
			name = Main.storyboard;
			sourceTree = "<group>";
		};
		19F1F5A71BD3920A004ED6F6 /* LaunchScreen.xib */ = {
			isa = PBXVariantGroup;
			children = (
				19F1F5A81BD3920A004ED6F6 /* Base */,
			);
			name = LaunchScreen.xib;
			sourceTree = "<group>";
		};
/* End PBXVariantGroup section */

/* Begin XCBuildConfiguration section */
		19F1F5B61BD3920A004ED6F6 /* Debug */ = {
			isa = XCBuildConfiguration;
			buildSettings = {
				ALWAYS_SEARCH_USER_PATHS = NO;
				CLANG_CXX_LANGUAGE_STANDARD = "gnu++0x";
				CLANG_CXX_LIBRARY = "libc++";
				CLANG_ENABLE_MODULES = YES;
				CLANG_ENABLE_OBJC_ARC = YES;
				CLANG_WARN_BOOL_CONVERSION = YES;
				CLANG_WARN_CONSTANT_CONVERSION = YES;
				CLANG_WARN_DIRECT_OBJC_ISA_USAGE = YES_ERROR;
				CLANG_WARN_EMPTY_BODY = YES;
				CLANG_WARN_ENUM_CONVERSION = YES;
				CLANG_WARN_INT_CONVERSION = YES;
				CLANG_WARN_OBJC_ROOT_CLASS = YES_ERROR;
				CLANG_WARN_UNREACHABLE_CODE = YES;
				CLANG_WARN__DUPLICATE_METHOD_MATCH = YES;
				"CODE_SIGN_IDENTITY[sdk=iphoneos*]" = "iPhone Developer";
				COPY_PHASE_STRIP = NO;
				DEBUG_INFORMATION_FORMAT = "dwarf-with-dsym";
				ENABLE_STRICT_OBJC_MSGSEND = YES;
				GCC_C_LANGUAGE_STANDARD = gnu99;
				GCC_DYNAMIC_NO_PIC = NO;
				GCC_NO_COMMON_BLOCKS = YES;
				GCC_OPTIMIZATION_LEVEL = 0;
				GCC_PREPROCESSOR_DEFINITIONS = (
					"DEBUG=1",
					"$(inherited)",
				);
				GCC_SYMBOLS_PRIVATE_EXTERN = NO;
				GCC_WARN_64_TO_32_BIT_CONVERSION = YES;
				GCC_WARN_ABOUT_RETURN_TYPE = YES_ERROR;
				GCC_WARN_UNDECLARED_SELECTOR = YES;
				GCC_WARN_UNINITIALIZED_AUTOS = YES_AGGRESSIVE;
				GCC_WARN_UNUSED_FUNCTION = YES;
				GCC_WARN_UNUSED_VARIABLE = YES;
				IPHONEOS_DEPLOYMENT_TARGET = 8.3;
				MTL_ENABLE_DEBUG_INFO = YES;
				ONLY_ACTIVE_ARCH = YES;
				SDKROOT = iphoneos;
				SWIFT_OPTIMIZATION_LEVEL = "-Onone";
				TARGETED_DEVICE_FAMILY = "1,2";
			};
			name = Debug;
		};
		19F1F5B71BD3920A004ED6F6 /* Release */ = {
			isa = XCBuildConfiguration;
			buildSettings = {
				ALWAYS_SEARCH_USER_PATHS = NO;
				CLANG_CXX_LANGUAGE_STANDARD = "gnu++0x";
				CLANG_CXX_LIBRARY = "libc++";
				CLANG_ENABLE_MODULES = YES;
				CLANG_ENABLE_OBJC_ARC = YES;
				CLANG_WARN_BOOL_CONVERSION = YES;
				CLANG_WARN_CONSTANT_CONVERSION = YES;
				CLANG_WARN_DIRECT_OBJC_ISA_USAGE = YES_ERROR;
				CLANG_WARN_EMPTY_BODY = YES;
				CLANG_WARN_ENUM_CONVERSION = YES;
				CLANG_WARN_INT_CONVERSION = YES;
				CLANG_WARN_OBJC_ROOT_CLASS = YES_ERROR;
				CLANG_WARN_UNREACHABLE_CODE = YES;
				CLANG_WARN__DUPLICATE_METHOD_MATCH = YES;
				"CODE_SIGN_IDENTITY[sdk=iphoneos*]" = "iPhone Developer";
				COPY_PHASE_STRIP = NO;
				DEBUG_INFORMATION_FORMAT = "dwarf-with-dsym";
				ENABLE_NS_ASSERTIONS = NO;
				ENABLE_STRICT_OBJC_MSGSEND = YES;
				GCC_C_LANGUAGE_STANDARD = gnu99;
				GCC_NO_COMMON_BLOCKS = YES;
				GCC_WARN_64_TO_32_BIT_CONVERSION = YES;
				GCC_WARN_ABOUT_RETURN_TYPE = YES_ERROR;
				GCC_WARN_UNDECLARED_SELECTOR = YES;
				GCC_WARN_UNINITIALIZED_AUTOS = YES_AGGRESSIVE;
				GCC_WARN_UNUSED_FUNCTION = YES;
				GCC_WARN_UNUSED_VARIABLE = YES;
				IPHONEOS_DEPLOYMENT_TARGET = 8.3;
				MTL_ENABLE_DEBUG_INFO = NO;
				SDKROOT = iphoneos;
				TARGETED_DEVICE_FAMILY = "1,2";
				VALIDATE_PRODUCT = YES;
			};
			name = Release;
		};
		19F1F5B91BD3920A004ED6F6 /* Debug */ = {
			isa = XCBuildConfiguration;
			buildSettings = {
				ASSETCATALOG_COMPILER_APPICON_NAME = AppIcon;
				INFOPLIST_FILE = "Purge-ios/Info.plist";
				LD_RUNPATH_SEARCH_PATHS = "$(inherited) @executable_path/Frameworks";
				PRODUCT_NAME = "$(TARGET_NAME)";
			};
			name = Debug;
		};
		19F1F5BA1BD3920A004ED6F6 /* Release */ = {
			isa = XCBuildConfiguration;
			buildSettings = {
				ASSETCATALOG_COMPILER_APPICON_NAME = AppIcon;
				INFOPLIST_FILE = "Purge-ios/Info.plist";
				LD_RUNPATH_SEARCH_PATHS = "$(inherited) @executable_path/Frameworks";
				PRODUCT_NAME = "$(TARGET_NAME)";
			};
			name = Release;
		};
		19F1F5BC1BD3920A004ED6F6 /* Debug */ = {
			isa = XCBuildConfiguration;
			buildSettings = {
				BUNDLE_LOADER = "$(TEST_HOST)";
				FRAMEWORK_SEARCH_PATHS = (
					"$(SDKROOT)/Developer/Library/Frameworks",
					"$(inherited)",
				);
				GCC_PREPROCESSOR_DEFINITIONS = (
					"DEBUG=1",
					"$(inherited)",
				);
				INFOPLIST_FILE = "Purge-iosTests/Info.plist";
				LD_RUNPATH_SEARCH_PATHS = "$(inherited) @executable_path/Frameworks @loader_path/Frameworks";
				PRODUCT_NAME = "$(TARGET_NAME)";
				TEST_HOST = "$(BUILT_PRODUCTS_DIR)/Purge-ios.app/Purge-ios";
			};
			name = Debug;
		};
		19F1F5BD1BD3920A004ED6F6 /* Release */ = {
			isa = XCBuildConfiguration;
			buildSettings = {
				BUNDLE_LOADER = "$(TEST_HOST)";
				FRAMEWORK_SEARCH_PATHS = (
					"$(SDKROOT)/Developer/Library/Frameworks",
					"$(inherited)",
				);
				INFOPLIST_FILE = "Purge-iosTests/Info.plist";
				LD_RUNPATH_SEARCH_PATHS = "$(inherited) @executable_path/Frameworks @loader_path/Frameworks";
				PRODUCT_NAME = "$(TARGET_NAME)";
				TEST_HOST = "$(BUILT_PRODUCTS_DIR)/Purge-ios.app/Purge-ios";
			};
			name = Release;
		};
/* End XCBuildConfiguration section */

/* Begin XCConfigurationList section */
		19F1F5901BD3920A004ED6F6 /* Build configuration list for PBXProject "Purge-ios" */ = {
			isa = XCConfigurationList;
			buildConfigurations = (
				19F1F5B61BD3920A004ED6F6 /* Debug */,
				19F1F5B71BD3920A004ED6F6 /* Release */,
			);
			defaultConfigurationIsVisible = 0;
			defaultConfigurationName = Release;
		};
		19F1F5B81BD3920A004ED6F6 /* Build configuration list for PBXNativeTarget "Purge-ios" */ = {
			isa = XCConfigurationList;
			buildConfigurations = (
				19F1F5B91BD3920A004ED6F6 /* Debug */,
				19F1F5BA1BD3920A004ED6F6 /* Release */,
			);
			defaultConfigurationIsVisible = 0;
			defaultConfigurationName = Release;
		};
		19F1F5BB1BD3920A004ED6F6 /* Build configuration list for PBXNativeTarget "Purge-iosTests" */ = {
			isa = XCConfigurationList;
			buildConfigurations = (
				19F1F5BC1BD3920A004ED6F6 /* Debug */,
				19F1F5BD1BD3920A004ED6F6 /* Release */,
			);
			defaultConfigurationIsVisible = 0;
			defaultConfigurationName = Release;
		};
/* End XCConfigurationList section */
	};
	rootObject = 19F1F58D1BD3920A004ED6F6 /* Project object */;
}
